
Microsoft Visual Studio Solution File, Format Version 12.00
# Visual Studio Version 17
VisualStudioVersion = 17.14.36109.1 d17.14
MinimumVisualStudioVersion = 10.0.40219.1
Project("{FAE04EC0-301F-11D3-BF4B-00C04F79EFBC}") = "Medical Appointment Booking System", "Medical Appointment Booking System\Medical Appointment Booking System.csproj", "{AA68A57A-E1C6-4B75-B27D-CC709E5FE346}"
EndProject
Global
	GlobalSection(SolutionConfigurationPlatforms) = preSolution
		Debug|Any CPU = Debug|Any CPU
		Release|Any CPU = Release|Any CPU
	EndGlobalSection
	GlobalSection(ProjectConfigurationPlatforms) = postSolution
		{AA68A57A-E1C6-4B75-B27D-CC709E5FE346}.Debug|Any CPU.ActiveCfg = Debug|Any CPU
		{AA68A57A-E1C6-4B75-B27D-CC709E5FE346}.Debug|Any CPU.Build.0 = Debug|Any CPU
		{AA68A57A-E1C6-4B75-B27D-CC709E5FE346}.Release|Any CPU.ActiveCfg = Release|Any CPU
		{AA68A57A-E1C6-4B75-B27D-CC709E5FE346}.Release|Any CPU.Build.0 = Release|Any CPU
	EndGlobalSection
	GlobalSection(SolutionProperties) = preSolution
		HideSolutionNode = FALSE
	EndGlobalSection
	GlobalSection(ExtensibilityGlobals) = postSolution
		SolutionGuid = {A395B2E3-81C2-47F4-8AD1-A490DAB6DAC5}
	EndGlobalSection
EndGlobal
